
Microsoft Visual Studio Solution File, Format Version 12.00
# Visual Studio Version 17
VisualStudioVersion = 17.8.34330.188
MinimumVisualStudioVersion = 10.0.40219.1
Project("{2150E333-8FDC-42A3-9474-1A3956D46DE8}") = "Solution Files", "Solution Files", "{9248CFEE-02E8-4C8C-920F-9C92A3B22975}"
	ProjectSection(SolutionItems) = preProject
		.editorconfig = .editorconfig
		Directory.Build.props = Directory.Build.props
	EndProjectSection
EndProject
Project("{FAE04EC0-301F-11D3-BF4B-00C04F79EFBC}") = "MN_StaticCodeAnalysis.Api", "MN_StaticCodeAnalysis.Api\MN_StaticCodeAnalysis.Api.csproj", "{13F14613-35C2-4C8C-8B59-5946E0EE6524}"
EndProject
Project("{FAE04EC0-301F-11D3-BF4B-00C04F79EFBC}") = "MN_StaticCodeAnalysis.Tests", "MN_StaticCodeAnalysis.Tests\MN_StaticCodeAnalysis.Tests.csproj", "{7FC77B44-E8A7-46CE-AA3B-C2397515D147}"
EndProject
Project("{FAE04EC0-301F-11D3-BF4B-00C04F79EFBC}") = "MN_StaticCodeAnalysis.FunctionalTests", "MN_StaticCodeAnalysis.FunctionalTests\MN_StaticCodeAnalysis.FunctionalTests.csproj", "{97B34932-5806-48FD-90D5-800AD19EE2EC}"
EndProject
Project("{9A19103F-16F7-4668-BE54-9A1E7A4F7556}") = "_build", "..\build\_build.csproj", "{A3AE1D79-AD20-4115-B1ED-347BAFF742BA}"
EndProject
Global
	GlobalSection(SolutionConfigurationPlatforms) = preSolution
		Debug|Any CPU = Debug|Any CPU
		Release|Any CPU = Release|Any CPU
	EndGlobalSection
	GlobalSection(ProjectConfigurationPlatforms) = postSolution
		{A3AE1D79-AD20-4115-B1ED-347BAFF742BA}.Debug|Any CPU.ActiveCfg = Debug|Any CPU
		{A3AE1D79-AD20-4115-B1ED-347BAFF742BA}.Release|Any CPU.ActiveCfg = Release|Any CPU
		{13F14613-35C2-4C8C-8B59-5946E0EE6524}.Debug|Any CPU.ActiveCfg = Debug|Any CPU
		{13F14613-35C2-4C8C-8B59-5946E0EE6524}.Debug|Any CPU.Build.0 = Debug|Any CPU
		{13F14613-35C2-4C8C-8B59-5946E0EE6524}.Release|Any CPU.ActiveCfg = Release|Any CPU
		{13F14613-35C2-4C8C-8B59-5946E0EE6524}.Release|Any CPU.Build.0 = Release|Any CPU
		{7FC77B44-E8A7-46CE-AA3B-C2397515D147}.Debug|Any CPU.ActiveCfg = Debug|Any CPU
		{7FC77B44-E8A7-46CE-AA3B-C2397515D147}.Debug|Any CPU.Build.0 = Debug|Any CPU
		{7FC77B44-E8A7-46CE-AA3B-C2397515D147}.Release|Any CPU.ActiveCfg = Release|Any CPU
		{7FC77B44-E8A7-46CE-AA3B-C2397515D147}.Release|Any CPU.Build.0 = Release|Any CPU
		{97B34932-5806-48FD-90D5-800AD19EE2EC}.Debug|Any CPU.ActiveCfg = Debug|Any CPU
		{97B34932-5806-48FD-90D5-800AD19EE2EC}.Debug|Any CPU.Build.0 = Debug|Any CPU
		{97B34932-5806-48FD-90D5-800AD19EE2EC}.Release|Any CPU.ActiveCfg = Release|Any CPU
		{97B34932-5806-48FD-90D5-800AD19EE2EC}.Release|Any CPU.Build.0 = Release|Any CPU
	EndGlobalSection
	GlobalSection(SolutionProperties) = preSolution
		HideSolutionNode = FALSE
	EndGlobalSection
	GlobalSection(ExtensibilityGlobals) = postSolution
		SolutionGuid = {9C5949D7-7A22-4ABE-B557-A8711DDDB937}
	EndGlobalSection
EndGlobal
